
Microsoft Visual Studio Solution File, Format Version 12.00
# Visual Studio 15
VisualStudioVersion = 15.0.27703.2047
MinimumVisualStudioVersion = 10.0.40219.1
Project("{2150E333-8FDC-42A3-9474-1A3956D46DE8}") = "APP", "APP", "{C354D4EC-A072-4F45-80EC-ECEDF4F896AB}"
EndProject
Project("{2150E333-8FDC-42A3-9474-1A3956D46DE8}") = "BLL", "BLL", "{F3F135AE-BC41-427A-B79E-C4704F381A9F}"
EndProject
Project("{9A19103F-16F7-4668-BE54-9A1E7A4F7556}") = "Clinic.Entitites", "Clinic.Entitites\Clinic.Entitites.csproj", "{206FD6FF-2F1B-406B-B77F-4624FC1D13F5}"
EndProject
Project("{9A19103F-16F7-4668-BE54-9A1E7A4F7556}") = "Management.Core", "Management.Core\Management.Core.csproj", "{1B9898EE-CDC9-484E-84A3-5048C66EBBAA}"
EndProject
Project("{9A19103F-16F7-4668-BE54-9A1E7A4F7556}") = "Clinic.Mysql.Entitites", "Clinic.Mysql.Entitites\Clinic.Mysql.Entitites.csproj", "{7E006BBF-28DD-4D2A-9D4B-5704D19AB95C}"
EndProject
Project("{9A19103F-16F7-4668-BE54-9A1E7A4F7556}") = "Clinic.Mysql.Repositories", "Clinic.Mysql.Repositories\Clinic.Mysql.Repositories.csproj", "{8F9E37A8-7398-4A0A-B884-A578AC197DFD}"
EndProject
Project("{2150E333-8FDC-42A3-9474-1A3956D46DE8}") = "DAL", "DAL", "{DBB087A1-BABA-4774-93EF-68A3E84CC7E5}"
EndProject
Project("{9A19103F-16F7-4668-BE54-9A1E7A4F7556}") = "Clinic.Services", "Clinic.Services\Clinic.Services.csproj", "{7D8E16DF-C9F5-4496-8F03-234F5DF2726E}"
EndProject
Project("{9A19103F-16F7-4668-BE54-9A1E7A4F7556}") = "Clinic.API", "Clinic.API\Clinic.API.csproj", "{3685CC38-1870-41E9-B2AA-657C8F8590F8}"
EndProject
Project("{2150E333-8FDC-42A3-9474-1A3956D46DE8}") = "Server", "Server", "{C3BCE0DB-C32E-44C4-A7FE-F8A09B56664B}"
EndProject
Project("{2150E333-8FDC-42A3-9474-1A3956D46DE8}") = "Client", "Client", "{1594D510-B006-44F9-9684-FFBC5A880900}"
EndProject
Project("{FAE04EC0-301F-11D3-BF4B-00C04F79EFBC}") = "ClinicApp", "ClinicApp\ClinicApp.csproj", "{0E46F17A-4433-4595-840C-4BC17AA3165D}"
EndProject
Project("{9A19103F-16F7-4668-BE54-9A1E7A4F7556}") = "ClinincApp.ViewModel", "ClinincApp.ViewModel\ClinincApp.ViewModel.csproj", "{54B14CF0-C1C6-4C61-ADC6-57529F37424F}"
EndProject
Project("{9A19103F-16F7-4668-BE54-9A1E7A4F7556}") = "ClinicApp.DataProvider", "ClinicApp.DataProvider\ClinicApp.DataProvider.csproj", "{5C7F3595-11A7-434E-B421-E1B1694FA5D8}"
EndProject
Project("{2150E333-8FDC-42A3-9474-1A3956D46DE8}") = "APP", "APP", "{190DA18E-918A-4D67-9636-0B4E1FD5A3D4}"
EndProject
Project("{9A19103F-16F7-4668-BE54-9A1E7A4F7556}") = "ClinincApp.Model", "ClinincApp.Model\ClinincApp.Model.csproj", "{A81F80A8-E28D-4C2D-997E-6B9CDCA2B15B}"
EndProject
Project("{FAE04EC0-301F-11D3-BF4B-00C04F79EFBC}") = "Rot0r2", "Rot0r2\Rot0r2.csproj", "{BAAF75C0-C9F6-4274-B36F-A5F763AF42D2}"
EndProject
Global
	GlobalSection(SolutionConfigurationPlatforms) = preSolution
		Debug|Any CPU = Debug|Any CPU
		Release|Any CPU = Release|Any CPU
	EndGlobalSection
	GlobalSection(ProjectConfigurationPlatforms) = postSolution
		{206FD6FF-2F1B-406B-B77F-4624FC1D13F5}.Debug|Any CPU.ActiveCfg = Debug|Any CPU
		{206FD6FF-2F1B-406B-B77F-4624FC1D13F5}.Debug|Any CPU.Build.0 = Debug|Any CPU
		{206FD6FF-2F1B-406B-B77F-4624FC1D13F5}.Release|Any CPU.ActiveCfg = Release|Any CPU
		{206FD6FF-2F1B-406B-B77F-4624FC1D13F5}.Release|Any CPU.Build.0 = Release|Any CPU
		{1B9898EE-CDC9-484E-84A3-5048C66EBBAA}.Debug|Any CPU.ActiveCfg = Debug|Any CPU
		{1B9898EE-CDC9-484E-84A3-5048C66EBBAA}.Debug|Any CPU.Build.0 = Debug|Any CPU
		{1B9898EE-CDC9-484E-84A3-5048C66EBBAA}.Release|Any CPU.ActiveCfg = Release|Any CPU
		{1B9898EE-CDC9-484E-84A3-5048C66EBBAA}.Release|Any CPU.Build.0 = Release|Any CPU
		{7E006BBF-28DD-4D2A-9D4B-5704D19AB95C}.Debug|Any CPU.ActiveCfg = Debug|Any CPU
		{7E006BBF-28DD-4D2A-9D4B-5704D19AB95C}.Debug|Any CPU.Build.0 = Debug|Any CPU
		{7E006BBF-28DD-4D2A-9D4B-5704D19AB95C}.Release|Any CPU.ActiveCfg = Release|Any CPU
		{7E006BBF-28DD-4D2A-9D4B-5704D19AB95C}.Release|Any CPU.Build.0 = Release|Any CPU
		{8F9E37A8-7398-4A0A-B884-A578AC197DFD}.Debug|Any CPU.ActiveCfg = Debug|Any CPU
		{8F9E37A8-7398-4A0A-B884-A578AC197DFD}.Debug|Any CPU.Build.0 = Debug|Any CPU
		{8F9E37A8-7398-4A0A-B884-A578AC197DFD}.Release|Any CPU.ActiveCfg = Release|Any CPU
		{8F9E37A8-7398-4A0A-B884-A578AC197DFD}.Release|Any CPU.Build.0 = Release|Any CPU
		{7D8E16DF-C9F5-4496-8F03-234F5DF2726E}.Debug|Any CPU.ActiveCfg = Debug|Any CPU
		{7D8E16DF-C9F5-4496-8F03-234F5DF2726E}.Debug|Any CPU.Build.0 = Debug|Any CPU
		{7D8E16DF-C9F5-4496-8F03-234F5DF2726E}.Release|Any CPU.ActiveCfg = Release|Any CPU
		{7D8E16DF-C9F5-4496-8F03-234F5DF2726E}.Release|Any CPU.Build.0 = Release|Any CPU
		{3685CC38-1870-41E9-B2AA-657C8F8590F8}.Debug|Any CPU.ActiveCfg = Debug|Any CPU
		{3685CC38-1870-41E9-B2AA-657C8F8590F8}.Debug|Any CPU.Build.0 = Debug|Any CPU
		{3685CC38-1870-41E9-B2AA-657C8F8590F8}.Release|Any CPU.ActiveCfg = Release|Any CPU
		{3685CC38-1870-41E9-B2AA-657C8F8590F8}.Release|Any CPU.Build.0 = Release|Any CPU
		{0E46F17A-4433-4595-840C-4BC17AA3165D}.Debug|Any CPU.ActiveCfg = Debug|Any CPU
		{0E46F17A-4433-4595-840C-4BC17AA3165D}.Debug|Any CPU.Build.0 = Debug|Any CPU
		{0E46F17A-4433-4595-840C-4BC17AA3165D}.Release|Any CPU.ActiveCfg = Release|Any CPU
		{0E46F17A-4433-4595-840C-4BC17AA3165D}.Release|Any CPU.Build.0 = Release|Any CPU
		{54B14CF0-C1C6-4C61-ADC6-57529F37424F}.Debug|Any CPU.ActiveCfg = Debug|Any CPU
		{54B14CF0-C1C6-4C61-ADC6-57529F37424F}.Debug|Any CPU.Build.0 = Debug|Any CPU
		{54B14CF0-C1C6-4C61-ADC6-57529F37424F}.Release|Any CPU.ActiveCfg = Release|Any CPU
		{54B14CF0-C1C6-4C61-ADC6-57529F37424F}.Release|Any CPU.Build.0 = Release|Any CPU
		{5C7F3595-11A7-434E-B421-E1B1694FA5D8}.Debug|Any CPU.ActiveCfg = Debug|Any CPU
		{5C7F3595-11A7-434E-B421-E1B1694FA5D8}.Debug|Any CPU.Build.0 = Debug|Any CPU
		{5C7F3595-11A7-434E-B421-E1B1694FA5D8}.Release|Any CPU.ActiveCfg = Release|Any CPU
		{5C7F3595-11A7-434E-B421-E1B1694FA5D8}.Release|Any CPU.Build.0 = Release|Any CPU
		{A81F80A8-E28D-4C2D-997E-6B9CDCA2B15B}.Debug|Any CPU.ActiveCfg = Debug|Any CPU
		{A81F80A8-E28D-4C2D-997E-6B9CDCA2B15B}.Debug|Any CPU.Build.0 = Debug|Any CPU
		{A81F80A8-E28D-4C2D-997E-6B9CDCA2B15B}.Release|Any CPU.ActiveCfg = Release|Any CPU
		{A81F80A8-E28D-4C2D-997E-6B9CDCA2B15B}.Release|Any CPU.Build.0 = Release|Any CPU
		{BAAF75C0-C9F6-4274-B36F-A5F763AF42D2}.Debug|Any CPU.ActiveCfg = Debug|Any CPU
		{BAAF75C0-C9F6-4274-B36F-A5F763AF42D2}.Debug|Any CPU.Build.0 = Debug|Any CPU
		{BAAF75C0-C9F6-4274-B36F-A5F763AF42D2}.Release|Any CPU.ActiveCfg = Release|Any CPU
		{BAAF75C0-C9F6-4274-B36F-A5F763AF42D2}.Release|Any CPU.Build.0 = Release|Any CPU
	EndGlobalSection
	GlobalSection(SolutionProperties) = preSolution
		HideSolutionNode = FALSE
	EndGlobalSection
	GlobalSection(NestedProjects) = preSolution
		{7E006BBF-28DD-4D2A-9D4B-5704D19AB95C} = {DBB087A1-BABA-4774-93EF-68A3E84CC7E5}
		{8F9E37A8-7398-4A0A-B884-A578AC197DFD} = {DBB087A1-BABA-4774-93EF-68A3E84CC7E5}
		{7D8E16DF-C9F5-4496-8F03-234F5DF2726E} = {F3F135AE-BC41-427A-B79E-C4704F381A9F}
		{3685CC38-1870-41E9-B2AA-657C8F8590F8} = {C3BCE0DB-C32E-44C4-A7FE-F8A09B56664B}
		{C3BCE0DB-C32E-44C4-A7FE-F8A09B56664B} = {C354D4EC-A072-4F45-80EC-ECEDF4F896AB}
		{1594D510-B006-44F9-9684-FFBC5A880900} = {C354D4EC-A072-4F45-80EC-ECEDF4F896AB}
		{0E46F17A-4433-4595-840C-4BC17AA3165D} = {190DA18E-918A-4D67-9636-0B4E1FD5A3D4}
		{54B14CF0-C1C6-4C61-ADC6-57529F37424F} = {190DA18E-918A-4D67-9636-0B4E1FD5A3D4}
		{5C7F3595-11A7-434E-B421-E1B1694FA5D8} = {1594D510-B006-44F9-9684-FFBC5A880900}
		{190DA18E-918A-4D67-9636-0B4E1FD5A3D4} = {1594D510-B006-44F9-9684-FFBC5A880900}
		{A81F80A8-E28D-4C2D-997E-6B9CDCA2B15B} = {190DA18E-918A-4D67-9636-0B4E1FD5A3D4}
		{BAAF75C0-C9F6-4274-B36F-A5F763AF42D2} = {190DA18E-918A-4D67-9636-0B4E1FD5A3D4}
	EndGlobalSection
	GlobalSection(ExtensibilityGlobals) = postSolution
		SolutionGuid = {B030C238-B09B-4AED-847E-708ED4FE31C9}
	EndGlobalSection
EndGlobal
